{
  "version": "5",
  "specifiers": {
    "jsr:@cliffy/command@^1.0.0-rc.8": "1.0.0-rc.8",
    "jsr:@cliffy/flags@1.0.0-rc.8": "1.0.0-rc.8",
    "jsr:@cliffy/internal@1.0.0-rc.8": "1.0.0-rc.8",
    "jsr:@cliffy/table@1.0.0-rc.8": "1.0.0-rc.8",
    "jsr:@david/code-block-writer@^13.0.3": "13.0.3",
    "jsr:@deno/dnt@0.42.3": "0.42.3",
    "jsr:@kesin11/gha-utils@0.2.2": "0.2.2",
    "jsr:@std/assert@^1.0.13": "1.0.13",
    "jsr:@std/collections@^1.0.10": "1.1.3",
    "jsr:@std/collections@^1.1.2": "1.1.3",
    "jsr:@std/encoding@^1.0.6": "1.0.10",
    "jsr:@std/fmt@1": "1.0.8",
    "jsr:@std/fmt@~1.0.2": "1.0.8",
    "jsr:@std/fs@1": "1.0.19",
    "jsr:@std/internal@^1.0.10": "1.0.10",
    "jsr:@std/internal@^1.0.6": "1.0.10",
    "jsr:@std/internal@^1.0.9": "1.0.10",
    "jsr:@std/path@1": "1.1.2",
    "jsr:@std/path@^1.1.1": "1.1.2",
    "jsr:@std/text@~1.0.7": "1.0.15",
    "jsr:@std/yaml@^1.0.5": "1.0.9",
    "jsr:@ts-morph/bootstrap@0.27": "0.27.0",
    "jsr:@ts-morph/common@0.27": "0.27.0",
    "npm:@actions/core@2.0.3": "2.0.3",
    "npm:@actions/github@7.0.0": "7.0.0_@octokit+core@5.2.2",
    "npm:@octokit/plugin-retry@^8.0.1": "8.0.3_@octokit+core@7.0.6",
    "npm:@octokit/plugin-throttling@^11.0.1": "11.0.3_@octokit+core@7.0.6",
    "npm:@octokit/rest@22": "22.0.1_@octokit+core@7.0.6",
    "npm:@types/node@*": "22.15.15",
    "npm:date-fns@4.1.0": "4.1.0",
    "npm:esbuild@0.25.5": "0.25.5",
    "npm:esbuild@0.27.2": "0.27.2",
    "npm:structured-source@4": "4.0.0",
    "npm:yaml-ast-parser@^0.0.43": "0.0.43"
  },
  "jsr": {
    "@cliffy/command@1.0.0-rc.8": {
      "integrity": "758147790797c74a707e5294cc7285df665422a13d2a483437092ffce40b5557",
      "dependencies": [
        "jsr:@cliffy/flags",
        "jsr:@cliffy/internal",
        "jsr:@cliffy/table",
        "jsr:@std/fmt@~1.0.2",
        "jsr:@std/text"
      ]
    },
    "@cliffy/flags@1.0.0-rc.8": {
      "integrity": "0f1043ce6ef037ba1cb5fe6b1bcecb25dc2f29371a1c17f278ab0f45e4b6f46c",
      "dependencies": [
        "jsr:@std/text"
      ]
    },
    "@cliffy/internal@1.0.0-rc.8": {
      "integrity": "34cdf2fad9b084b5aed493b138d573f52d4e988767215f7460daf0b918ff43d8"
    },
    "@cliffy/table@1.0.0-rc.8": {
      "integrity": "8bbcdc2ba5e0061b4b13810a24e6f5c6ab19c09f0cce9eb691ccd76c7c6c9db5",
      "dependencies": [
        "jsr:@std/fmt@~1.0.2"
      ]
    },
    "@david/code-block-writer@13.0.3": {
      "integrity": "f98c77d320f5957899a61bfb7a9bead7c6d83ad1515daee92dbacc861e13bb7f"
    },
    "@deno/dnt@0.42.3": {
      "integrity": "62a917a0492f3c8af002dce90605bb0d41f7d29debc06aca40dba72ab65d8ae3",
      "dependencies": [
        "jsr:@david/code-block-writer",
        "jsr:@std/fmt@1",
        "jsr:@std/fs",
        "jsr:@std/path@1",
        "jsr:@ts-morph/bootstrap"
      ]
    },
    "@kesin11/gha-utils@0.2.2": {
      "integrity": "015f70e1a25f4f867ab824f0720d4360aec9133832582529a4c0027afa225160",
      "dependencies": [
        "jsr:@std/collections@^1.0.10",
        "jsr:@std/encoding",
        "jsr:@std/yaml",
        "npm:@octokit/plugin-retry",
        "npm:@octokit/plugin-throttling",
        "npm:@octokit/rest",
        "npm:structured-source",
        "npm:yaml-ast-parser"
      ]
    },
    "@std/assert@1.0.13": {
      "integrity": "ae0d31e41919b12c656c742b22522c32fb26ed0cba32975cb0de2a273cb68b29",
      "dependencies": [
        "jsr:@std/internal@^1.0.6"
      ]
    },
    "@std/collections@1.1.3": {
      "integrity": "bf8b0818886df6a32b64c7d3b037a425111f28278d69fd0995aeb62777c986b0"
    },
    "@std/encoding@1.0.10": {
      "integrity": "8783c6384a2d13abd5e9e87a7ae0520a30e9f56aeeaa3bdf910a3eaaf5c811a1"
    },
    "@std/fmt@1.0.8": {
      "integrity": "71e1fc498787e4434d213647a6e43e794af4fd393ef8f52062246e06f7e372b7"
    },
    "@std/fs@1.0.19": {
      "integrity": "051968c2b1eae4d2ea9f79a08a3845740ef6af10356aff43d3e2ef11ed09fb06",
      "dependencies": [
        "jsr:@std/internal@^1.0.9",
        "jsr:@std/path@^1.1.1"
      ]
    },
    "@std/internal@1.0.10": {
      "integrity": "e3be62ce42cab0e177c27698e5d9800122f67b766a0bea6ca4867886cbde8cf7"
    },
    "@std/path@1.1.2": {
      "integrity": "c0b13b97dfe06546d5e16bf3966b1cadf92e1cc83e56ba5476ad8b498d9e3038",
      "dependencies": [
        "jsr:@std/internal@^1.0.10"
      ]
    },
    "@std/text@1.0.15": {
      "integrity": "91f5cc1e12779a3d95f1be34e763f9c28a75a078b7360e6fcaef0d8d9b1e3e7f"
    },
    "@std/yaml@1.0.9": {
      "integrity": "6bad3dc766dd85b4b37eabcba81b6aa4eac7a392792ae29abcfb0f90602d55bb"
    },
    "@ts-morph/bootstrap@0.27.0": {
      "integrity": "b8d7bc8f7942ce853dde4161b28f9aa96769cef3d8eebafb379a81800b9e2448",
      "dependencies": [
        "jsr:@ts-morph/common"
      ]
    },
    "@ts-morph/common@0.27.0": {
      "integrity": "c7b73592d78ce8479b356fd4f3d6ec3c460d77753a8680ff196effea7a939052",
      "dependencies": [
        "jsr:@std/fs",
        "jsr:@std/path@1"
      ]
    }
  },
  "npm": {
    "@actions/core@2.0.3": {
      "integrity": "sha512-Od9Thc3T1mQJYddvVPM4QGiLUewdh+3txmDYHHxoNdkqysR1MbCT+rFOtNUxYAz+7+6RIsqipVahY2GJqGPyxA==",
      "dependencies": [
        "@actions/exec",
        "@actions/http-client"
      ]
    },
    "@actions/exec@2.0.0": {
      "integrity": "sha512-k8ngrX2voJ/RIN6r9xB82NVqKpnMRtxDoiO+g3olkIUpQNqjArXrCQceduQZCQj3P3xm32pChRLqRrtXTlqhIw==",
      "dependencies": [
        "@actions/io"
      ]
    },
    "@actions/github@7.0.0_@octokit+core@5.2.2": {
      "integrity": "sha512-PyGODO938aoBTZd/IfN/+e+Pd5hUcVpyf+thm4CPESLeqhdSkq5QwMTGX9v84XHE1ifmHWBQ60KB8kIgm96opw==",
      "dependencies": [
        "@actions/http-client",
        "@octokit/core@5.2.2",
        "@octokit/plugin-paginate-rest@9.2.2_@octokit+core@5.2.2",
        "@octokit/plugin-rest-endpoint-methods@10.4.1_@octokit+core@5.2.2",
        "@octokit/request@8.4.1",
        "@octokit/request-error@5.1.1",
        "undici@5.29.0"
      ]
    },
    "@actions/http-client@3.0.2": {
      "integrity": "sha512-JP38FYYpyqvUsz+Igqlc/JG6YO9PaKuvqjM3iGvaLqFnJ7TFmcLyy2IDrY0bI0qCQug8E9K+elv5ZNfw62ZJzA==",
      "dependencies": [
        "tunnel",
        "undici@6.23.0"
      ]
    },
    "@actions/io@2.0.0": {
      "integrity": "sha512-Jv33IN09XLO+0HS79aaODsvIRyduiF7NY/F6LYeK5oeUmrsz7aFdRphQjFoESF4jS7lMauDOttKALcpapVDIAg=="
    },
    "@esbuild/aix-ppc64@0.25.5": {
      "integrity": "sha512-9o3TMmpmftaCMepOdA5k/yDw8SfInyzWWTjYTFCX3kPSDJMROQTb8jg+h9Cnwnmm1vOzvxN7gIfB5V2ewpjtGA==",
      "os": ["aix"],
      "cpu": ["ppc64"]
    },
    "@esbuild/aix-ppc64@0.27.2": {
      "integrity": "sha512-GZMB+a0mOMZs4MpDbj8RJp4cw+w1WV5NYD6xzgvzUJ5Ek2jerwfO2eADyI6ExDSUED+1X8aMbegahsJi+8mgpw==",
      "os": ["aix"],
      "cpu": ["ppc64"]
    },
    "@esbuild/android-arm64@0.25.5": {
      "integrity": "sha512-VGzGhj4lJO+TVGV1v8ntCZWJktV7SGCs3Pn1GRWI1SBFtRALoomm8k5E9Pmwg3HOAal2VDc2F9+PM/rEY6oIDg==",
      "os": ["android"],
      "cpu": ["arm64"]
    },
    "@esbuild/android-arm64@0.27.2": {
      "integrity": "sha512-pvz8ZZ7ot/RBphf8fv60ljmaoydPU12VuXHImtAs0XhLLw+EXBi2BLe3OYSBslR4rryHvweW5gmkKFwTiFy6KA==",
      "os": ["android"],
      "cpu": ["arm64"]
    },
    "@esbuild/android-arm@0.25.5": {
      "integrity": "sha512-AdJKSPeEHgi7/ZhuIPtcQKr5RQdo6OO2IL87JkianiMYMPbCtot9fxPbrMiBADOWWm3T2si9stAiVsGbTQFkbA==",
      "os": ["android"],
      "cpu": ["arm"]
    },
    "@esbuild/android-arm@0.27.2": {
      "integrity": "sha512-DVNI8jlPa7Ujbr1yjU2PfUSRtAUZPG9I1RwW4F4xFB1Imiu2on0ADiI/c3td+KmDtVKNbi+nffGDQMfcIMkwIA==",
      "os": ["android"],
      "cpu": ["arm"]
    },
    "@esbuild/android-x64@0.25.5": {
      "integrity": "sha512-D2GyJT1kjvO//drbRT3Hib9XPwQeWd9vZoBJn+bu/lVsOZ13cqNdDeqIF/xQ5/VmWvMduP6AmXvylO/PIc2isw==",
      "os": ["android"],
      "cpu": ["x64"]
    },
    "@esbuild/android-x64@0.27.2": {
      "integrity": "sha512-z8Ank4Byh4TJJOh4wpz8g2vDy75zFL0TlZlkUkEwYXuPSgX8yzep596n6mT7905kA9uHZsf/o2OJZubl2l3M7A==",
      "os": ["android"],
      "cpu": ["x64"]
    },
    "@esbuild/darwin-arm64@0.25.5": {
      "integrity": "sha512-GtaBgammVvdF7aPIgH2jxMDdivezgFu6iKpmT+48+F8Hhg5J/sfnDieg0aeG/jfSvkYQU2/pceFPDKlqZzwnfQ==",
      "os": ["darwin"],
      "cpu": ["arm64"]
    },
    "@esbuild/darwin-arm64@0.27.2": {
      "integrity": "sha512-davCD2Zc80nzDVRwXTcQP/28fiJbcOwvdolL0sOiOsbwBa72kegmVU0Wrh1MYrbuCL98Omp5dVhQFWRKR2ZAlg==",
      "os": ["darwin"],
      "cpu": ["arm64"]
    },
    "@esbuild/darwin-x64@0.25.5": {
      "integrity": "sha512-1iT4FVL0dJ76/q1wd7XDsXrSW+oLoquptvh4CLR4kITDtqi2e/xwXwdCVH8hVHU43wgJdsq7Gxuzcs6Iq/7bxQ==",
      "os": ["darwin"],
      "cpu": ["x64"]
    },
    "@esbuild/darwin-x64@0.27.2": {
      "integrity": "sha512-ZxtijOmlQCBWGwbVmwOF/UCzuGIbUkqB1faQRf5akQmxRJ1ujusWsb3CVfk/9iZKr2L5SMU5wPBi1UWbvL+VQA==",
      "os": ["darwin"],
      "cpu": ["x64"]
    },
    "@esbuild/freebsd-arm64@0.25.5": {
      "integrity": "sha512-nk4tGP3JThz4La38Uy/gzyXtpkPW8zSAmoUhK9xKKXdBCzKODMc2adkB2+8om9BDYugz+uGV7sLmpTYzvmz6Sw==",
      "os": ["freebsd"],
      "cpu": ["arm64"]
    },
    "@esbuild/freebsd-arm64@0.27.2": {
      "integrity": "sha512-lS/9CN+rgqQ9czogxlMcBMGd+l8Q3Nj1MFQwBZJyoEKI50XGxwuzznYdwcav6lpOGv5BqaZXqvBSiB/kJ5op+g==",
      "os": ["freebsd"],
      "cpu": ["arm64"]
    },
    "@esbuild/freebsd-x64@0.25.5": {
      "integrity": "sha512-PrikaNjiXdR2laW6OIjlbeuCPrPaAl0IwPIaRv+SMV8CiM8i2LqVUHFC1+8eORgWyY7yhQY+2U2fA55mBzReaw==",
      "os": ["freebsd"],
      "cpu": ["x64"]
    },
    "@esbuild/freebsd-x64@0.27.2": {
      "integrity": "sha512-tAfqtNYb4YgPnJlEFu4c212HYjQWSO/w/h/lQaBK7RbwGIkBOuNKQI9tqWzx7Wtp7bTPaGC6MJvWI608P3wXYA==",
      "os": ["freebsd"],
      "cpu": ["x64"]
    },
    "@esbuild/linux-arm64@0.25.5": {
      "integrity": "sha512-Z9kfb1v6ZlGbWj8EJk9T6czVEjjq2ntSYLY2cw6pAZl4oKtfgQuS4HOq41M/BcoLPzrUbNd+R4BXFyH//nHxVg==",
      "os": ["linux"],
      "cpu": ["arm64"]
    },
    "@esbuild/linux-arm64@0.27.2": {
      "integrity": "sha512-hYxN8pr66NsCCiRFkHUAsxylNOcAQaxSSkHMMjcpx0si13t1LHFphxJZUiGwojB1a/Hd5OiPIqDdXONia6bhTw==",
      "os": ["linux"],
      "cpu": ["arm64"]
    },
    "@esbuild/linux-arm@0.25.5": {
      "integrity": "sha512-cPzojwW2okgh7ZlRpcBEtsX7WBuqbLrNXqLU89GxWbNt6uIg78ET82qifUy3W6OVww6ZWobWub5oqZOVtwolfw==",
      "os": ["linux"],
      "cpu": ["arm"]
    },
    "@esbuild/linux-arm@0.27.2": {
      "integrity": "sha512-vWfq4GaIMP9AIe4yj1ZUW18RDhx6EPQKjwe7n8BbIecFtCQG4CfHGaHuh7fdfq+y3LIA2vGS/o9ZBGVxIDi9hw==",
      "os": ["linux"],
      "cpu": ["arm"]
    },
    "@esbuild/linux-ia32@0.25.5": {
      "integrity": "sha512-sQ7l00M8bSv36GLV95BVAdhJ2QsIbCuCjh/uYrWiMQSUuV+LpXwIqhgJDcvMTj+VsQmqAHL2yYaasENvJ7CDKA==",
      "os": ["linux"],
      "cpu": ["ia32"]
    },
    "@esbuild/linux-ia32@0.27.2": {
      "integrity": "sha512-MJt5BRRSScPDwG2hLelYhAAKh9imjHK5+NE/tvnRLbIqUWa+0E9N4WNMjmp/kXXPHZGqPLxggwVhz7QP8CTR8w==",
      "os": ["linux"],
      "cpu": ["ia32"]
    },
    "@esbuild/linux-loong64@0.25.5": {
      "integrity": "sha512-0ur7ae16hDUC4OL5iEnDb0tZHDxYmuQyhKhsPBV8f99f6Z9KQM02g33f93rNH5A30agMS46u2HP6qTdEt6Q1kg==",
      "os": ["linux"],
      "cpu": ["loong64"]
    },
    "@esbuild/linux-loong64@0.27.2": {
      "integrity": "sha512-lugyF1atnAT463aO6KPshVCJK5NgRnU4yb3FUumyVz+cGvZbontBgzeGFO1nF+dPueHD367a2ZXe1NtUkAjOtg==",
      "os": ["linux"],
      "cpu": ["loong64"]
    },
    "@esbuild/linux-mips64el@0.25.5": {
      "integrity": "sha512-kB/66P1OsHO5zLz0i6X0RxlQ+3cu0mkxS3TKFvkb5lin6uwZ/ttOkP3Z8lfR9mJOBk14ZwZ9182SIIWFGNmqmg==",
      "os": ["linux"],
      "cpu": ["mips64el"]
    },
    "@esbuild/linux-mips64el@0.27.2": {
      "integrity": "sha512-nlP2I6ArEBewvJ2gjrrkESEZkB5mIoaTswuqNFRv/WYd+ATtUpe9Y09RnJvgvdag7he0OWgEZWhviS1OTOKixw==",
      "os": ["linux"],
      "cpu": ["mips64el"]
    },
    "@esbuild/linux-ppc64@0.25.5": {
      "integrity": "sha512-UZCmJ7r9X2fe2D6jBmkLBMQetXPXIsZjQJCjgwpVDz+YMcS6oFR27alkgGv3Oqkv07bxdvw7fyB71/olceJhkQ==",
      "os": ["linux"],
      "cpu": ["ppc64"]
    },
    "@esbuild/linux-ppc64@0.27.2": {
      "integrity": "sha512-C92gnpey7tUQONqg1n6dKVbx3vphKtTHJaNG2Ok9lGwbZil6DrfyecMsp9CrmXGQJmZ7iiVXvvZH6Ml5hL6XdQ==",
      "os": ["linux"],
      "cpu": ["ppc64"]
    },
    "@esbuild/linux-riscv64@0.25.5": {
      "integrity": "sha512-kTxwu4mLyeOlsVIFPfQo+fQJAV9mh24xL+y+Bm6ej067sYANjyEw1dNHmvoqxJUCMnkBdKpvOn0Ahql6+4VyeA==",
      "os": ["linux"],
      "cpu": ["riscv64"]
    },
    "@esbuild/linux-riscv64@0.27.2": {
      "integrity": "sha512-B5BOmojNtUyN8AXlK0QJyvjEZkWwy/FKvakkTDCziX95AowLZKR6aCDhG7LeF7uMCXEJqwa8Bejz5LTPYm8AvA==",
      "os": ["linux"],
      "cpu": ["riscv64"]
    },
    "@esbuild/linux-s390x@0.25.5": {
      "integrity": "sha512-K2dSKTKfmdh78uJ3NcWFiqyRrimfdinS5ErLSn3vluHNeHVnBAFWC8a4X5N+7FgVE1EjXS1QDZbpqZBjfrqMTQ==",
      "os": ["linux"],
      "cpu": ["s390x"]
    },
    "@esbuild/linux-s390x@0.27.2": {
      "integrity": "sha512-p4bm9+wsPwup5Z8f4EpfN63qNagQ47Ua2znaqGH6bqLlmJ4bx97Y9JdqxgGZ6Y8xVTixUnEkoKSHcpRlDnNr5w==",
      "os": ["linux"],
      "cpu": ["s390x"]
    },
    "@esbuild/linux-x64@0.25.5": {
      "integrity": "sha512-uhj8N2obKTE6pSZ+aMUbqq+1nXxNjZIIjCjGLfsWvVpy7gKCOL6rsY1MhRh9zLtUtAI7vpgLMK6DxjO8Qm9lJw==",
      "os": ["linux"],
      "cpu": ["x64"]
    },
    "@esbuild/linux-x64@0.27.2": {
      "integrity": "sha512-uwp2Tip5aPmH+NRUwTcfLb+W32WXjpFejTIOWZFw/v7/KnpCDKG66u4DLcurQpiYTiYwQ9B7KOeMJvLCu/OvbA==",
      "os": ["linux"],
      "cpu": ["x64"]
    },
    "@esbuild/netbsd-arm64@0.25.5": {
      "integrity": "sha512-pwHtMP9viAy1oHPvgxtOv+OkduK5ugofNTVDilIzBLpoWAM16r7b/mxBvfpuQDpRQFMfuVr5aLcn4yveGvBZvw==",
      "os": ["netbsd"],
      "cpu": ["arm64"]
    },
    "@esbuild/netbsd-arm64@0.27.2": {
      "integrity": "sha512-Kj6DiBlwXrPsCRDeRvGAUb/LNrBASrfqAIok+xB0LxK8CHqxZ037viF13ugfsIpePH93mX7xfJp97cyDuTZ3cw==",
      "os": ["netbsd"],
      "cpu": ["arm64"]
    },
    "@esbuild/netbsd-x64@0.25.5": {
      "integrity": "sha512-WOb5fKrvVTRMfWFNCroYWWklbnXH0Q5rZppjq0vQIdlsQKuw6mdSihwSo4RV/YdQ5UCKKvBy7/0ZZYLBZKIbwQ==",
      "os": ["netbsd"],
      "cpu": ["x64"]
    },
    "@esbuild/netbsd-x64@0.27.2": {
      "integrity": "sha512-HwGDZ0VLVBY3Y+Nw0JexZy9o/nUAWq9MlV7cahpaXKW6TOzfVno3y3/M8Ga8u8Yr7GldLOov27xiCnqRZf0tCA==",
      "os": ["netbsd"],
      "cpu": ["x64"]
    },
    "@esbuild/openbsd-arm64@0.25.5": {
      "integrity": "sha512-7A208+uQKgTxHd0G0uqZO8UjK2R0DDb4fDmERtARjSHWxqMTye4Erz4zZafx7Di9Cv+lNHYuncAkiGFySoD+Mw==",
      "os": ["openbsd"],
      "cpu": ["arm64"]
    },
    "@esbuild/openbsd-arm64@0.27.2": {
      "integrity": "sha512-DNIHH2BPQ5551A7oSHD0CKbwIA/Ox7+78/AWkbS5QoRzaqlev2uFayfSxq68EkonB+IKjiuxBFoV8ESJy8bOHA==",
      "os": ["openbsd"],
      "cpu": ["arm64"]
    },
    "@esbuild/openbsd-x64@0.25.5": {
      "integrity": "sha512-G4hE405ErTWraiZ8UiSoesH8DaCsMm0Cay4fsFWOOUcz8b8rC6uCvnagr+gnioEjWn0wC+o1/TAHt+It+MpIMg==",
      "os": ["openbsd"],
      "cpu": ["x64"]
    },
    "@esbuild/openbsd-x64@0.27.2": {
      "integrity": "sha512-/it7w9Nb7+0KFIzjalNJVR5bOzA9Vay+yIPLVHfIQYG/j+j9VTH84aNB8ExGKPU4AzfaEvN9/V4HV+F+vo8OEg==",
      "os": ["openbsd"],
      "cpu": ["x64"]
    },
    "@esbuild/openharmony-arm64@0.27.2": {
      "integrity": "sha512-LRBbCmiU51IXfeXk59csuX/aSaToeG7w48nMwA6049Y4J4+VbWALAuXcs+qcD04rHDuSCSRKdmY63sruDS5qag==",
      "os": ["openharmony"],
      "cpu": ["arm64"]
    },
    "@esbuild/sunos-x64@0.25.5": {
      "integrity": "sha512-l+azKShMy7FxzY0Rj4RCt5VD/q8mG/e+mDivgspo+yL8zW7qEwctQ6YqKX34DTEleFAvCIUviCFX1SDZRSyMQA==",
      "os": ["sunos"],
      "cpu": ["x64"]
    },
    "@esbuild/sunos-x64@0.27.2": {
      "integrity": "sha512-kMtx1yqJHTmqaqHPAzKCAkDaKsffmXkPHThSfRwZGyuqyIeBvf08KSsYXl+abf5HDAPMJIPnbBfXvP2ZC2TfHg==",
      "os": ["sunos"],
      "cpu": ["x64"]
    },
    "@esbuild/win32-arm64@0.25.5": {
      "integrity": "sha512-O2S7SNZzdcFG7eFKgvwUEZ2VG9D/sn/eIiz8XRZ1Q/DO5a3s76Xv0mdBzVM5j5R639lXQmPmSo0iRpHqUUrsxw==",
      "os": ["win32"],
      "cpu": ["arm64"]
    },
    "@esbuild/win32-arm64@0.27.2": {
      "integrity": "sha512-Yaf78O/B3Kkh+nKABUF++bvJv5Ijoy9AN1ww904rOXZFLWVc5OLOfL56W+C8F9xn5JQZa3UX6m+IktJnIb1Jjg==",
      "os": ["win32"],
      "cpu": ["arm64"]
    },
    "@esbuild/win32-ia32@0.25.5": {
      "integrity": "sha512-onOJ02pqs9h1iMJ1PQphR+VZv8qBMQ77Klcsqv9CNW2w6yLqoURLcgERAIurY6QE63bbLuqgP9ATqajFLK5AMQ==",
      "os": ["win32"],
      "cpu": ["ia32"]
    },
    "@esbuild/win32-ia32@0.27.2": {
      "integrity": "sha512-Iuws0kxo4yusk7sw70Xa2E2imZU5HoixzxfGCdxwBdhiDgt9vX9VUCBhqcwY7/uh//78A1hMkkROMJq9l27oLQ==",
      "os": ["win32"],
      "cpu": ["ia32"]
    },
    "@esbuild/win32-x64@0.25.5": {
      "integrity": "sha512-TXv6YnJ8ZMVdX+SXWVBo/0p8LTcrUYngpWjvm91TMjjBQii7Oz11Lw5lbDV5Y0TzuhSJHwiH4hEtC1I42mMS0g==",
      "os": ["win32"],
      "cpu": ["x64"]
    },
    "@esbuild/win32-x64@0.27.2": {
      "integrity": "sha512-sRdU18mcKf7F+YgheI/zGf5alZatMUTKj/jNS6l744f9u3WFu4v7twcUI9vu4mknF4Y9aDlblIie0IM+5xxaqQ==",
      "os": ["win32"],
      "cpu": ["x64"]
    },
    "@fastify/busboy@2.1.1": {
      "integrity": "sha512-vBZP4NlzfOlerQTnba4aqZoMhE/a9HY7HRqoOPaETQcSQuWEIyZMHGfVu6w9wGtGK5fED5qRs2DteVCjOH60sA=="
    },
    "@octokit/auth-token@4.0.0": {
      "integrity": "sha512-tY/msAuJo6ARbK6SPIxZrPBms3xPbfwBrulZe0Wtr/DIY9lje2HeV1uoebShn6mx7SjCHif6EjMvoREj+gZ+SA=="
    },
    "@octokit/auth-token@6.0.0": {
      "integrity": "sha512-P4YJBPdPSpWTQ1NU4XYdvHvXJJDxM6YwpS0FZHRgP7YFkdVxsWcpWGy/NVqlAA7PcPCnMacXlRm1y2PFZRWL/w=="
    },
    "@octokit/core@5.2.2": {
      "integrity": "sha512-/g2d4sW9nUDJOMz3mabVQvOGhVa4e/BN/Um7yca9Bb2XTzPPnfTWHWQg+IsEYO7M3Vx+EXvaM/I2pJWIMun1bg==",
      "dependencies": [
        "@octokit/auth-token@4.0.0",
        "@octokit/graphql@7.1.1",
        "@octokit/request@8.4.1",
        "@octokit/request-error@5.1.1",
        "@octokit/types@13.10.0",
        "before-after-hook@2.2.3",
        "universal-user-agent@6.0.1"
      ]
    },
    "@octokit/core@7.0.6": {
      "integrity": "sha512-DhGl4xMVFGVIyMwswXeyzdL4uXD5OGILGX5N8Y+f6W7LhC1Ze2poSNrkF/fedpVDHEEZ+PHFW0vL14I+mm8K3Q==",
      "dependencies": [
        "@octokit/auth-token@6.0.0",
        "@octokit/graphql@9.0.3",
        "@octokit/request@10.0.7",
        "@octokit/request-error@7.1.0",
        "@octokit/types@16.0.0",
        "before-after-hook@4.0.0",
        "universal-user-agent@7.0.3"
      ]
    },
    "@octokit/endpoint@11.0.2": {
      "integrity": "sha512-4zCpzP1fWc7QlqunZ5bSEjxc6yLAlRTnDwKtgXfcI/FxxGoqedDG8V2+xJ60bV2kODqcGB+nATdtap/XYq2NZQ==",
      "dependencies": [
        "@octokit/types@16.0.0",
        "universal-user-agent@7.0.3"
      ]
    },
    "@octokit/endpoint@9.0.6": {
      "integrity": "sha512-H1fNTMA57HbkFESSt3Y9+FBICv+0jFceJFPWDePYlR/iMGrwM5ph+Dd4XRQs+8X+PUFURLQgX9ChPfhJ/1uNQw==",
      "dependencies": [
        "@octokit/types@13.10.0",
        "universal-user-agent@6.0.1"
      ]
    },
    "@octokit/graphql@7.1.1": {
      "integrity": "sha512-3mkDltSfcDUoa176nlGoA32RGjeWjl3K7F/BwHwRMJUW/IteSa4bnSV8p2ThNkcIcZU2umkZWxwETSSCJf2Q7g==",
      "dependencies": [
        "@octokit/request@8.4.1",
        "@octokit/types@13.10.0",
        "universal-user-agent@6.0.1"
      ]
    },
    "@octokit/graphql@9.0.3": {
      "integrity": "sha512-grAEuupr/C1rALFnXTv6ZQhFuL1D8G5y8CN04RgrO4FIPMrtm+mcZzFG7dcBm+nq+1ppNixu+Jd78aeJOYxlGA==",
      "dependencies": [
        "@octokit/request@10.0.7",
        "@octokit/types@16.0.0",
        "universal-user-agent@7.0.3"
      ]
    },
    "@octokit/openapi-types@20.0.0": {
      "integrity": "sha512-EtqRBEjp1dL/15V7WiX5LJMIxxkdiGJnabzYx5Apx4FkQIFgAfKumXeYAqqJCj1s+BMX4cPFIFC4OLCR6stlnA=="
    },
    "@octokit/openapi-types@24.2.0": {
      "integrity": "sha512-9sIH3nSUttelJSXUrmGzl7QUBFul0/mB8HRYl3fOlgHbIWG+WnYDXU3v/2zMtAvuzZ/ed00Ei6on975FhBfzrg=="
    },
    "@octokit/openapi-types@27.0.0": {
      "integrity": "sha512-whrdktVs1h6gtR+09+QsNk2+FO+49j6ga1c55YZudfEG+oKJVvJLQi3zkOm5JjiUXAagWK2tI2kTGKJ2Ys7MGA=="
    },
    "@octokit/plugin-paginate-rest@14.0.0_@octokit+core@7.0.6": {
      "integrity": "sha512-fNVRE7ufJiAA3XUrha2omTA39M6IXIc6GIZLvlbsm8QOQCYvpq/LkMNGyFlB1d8hTDzsAXa3OKtybdMAYsV/fw==",
      "dependencies": [
        "@octokit/core@7.0.6",
        "@octokit/types@16.0.0"
      ]
    },
    "@octokit/plugin-paginate-rest@9.2.2_@octokit+core@5.2.2": {
      "integrity": "sha512-u3KYkGF7GcZnSD/3UP0S7K5XUFT2FkOQdcfXZGZQPGv3lm4F2Xbf71lvjldr8c1H3nNbF+33cLEkWYbokGWqiQ==",
      "dependencies": [
        "@octokit/core@5.2.2",
        "@octokit/types@12.6.0"
      ]
    },
    "@octokit/plugin-request-log@6.0.0_@octokit+core@7.0.6": {
      "integrity": "sha512-UkOzeEN3W91/eBq9sPZNQ7sUBvYCqYbrrD8gTbBuGtHEuycE4/awMXcYvx6sVYo7LypPhmQwwpUe4Yyu4QZN5Q==",
      "dependencies": [
        "@octokit/core@7.0.6"
      ]
    },
    "@octokit/plugin-rest-endpoint-methods@10.4.1_@octokit+core@5.2.2": {
      "integrity": "sha512-xV1b+ceKV9KytQe3zCVqjg+8GTGfDYwaT1ATU5isiUyVtlVAO3HNdzpS4sr4GBx4hxQ46s7ITtZrAsxG22+rVg==",
      "dependencies": [
        "@octokit/core@5.2.2",
        "@octokit/types@12.6.0"
      ]
    },
    "@octokit/plugin-rest-endpoint-methods@17.0.0_@octokit+core@7.0.6": {
      "integrity": "sha512-B5yCyIlOJFPqUUeiD0cnBJwWJO8lkJs5d8+ze9QDP6SvfiXSz1BF+91+0MeI1d2yxgOhU/O+CvtiZ9jSkHhFAw==",
      "dependencies": [
        "@octokit/core@7.0.6",
        "@octokit/types@16.0.0"
      ]
    },
    "@octokit/plugin-retry@8.0.3_@octokit+core@7.0.6": {
      "integrity": "sha512-vKGx1i3MC0za53IzYBSBXcrhmd+daQDzuZfYDd52X5S0M2otf3kVZTVP8bLA3EkU0lTvd1WEC2OlNNa4G+dohA==",
      "dependencies": [
        "@octokit/core@7.0.6",
        "@octokit/request-error@7.1.0",
        "@octokit/types@16.0.0",
        "bottleneck"
      ]
    },
    "@octokit/plugin-throttling@11.0.3_@octokit+core@7.0.6": {
      "integrity": "sha512-34eE0RkFCKycLl2D2kq7W+LovheM/ex3AwZCYN8udpi6bxsyjZidb2McXs69hZhLmJlDqTSP8cH+jSRpiaijBg==",
      "dependencies": [
        "@octokit/core@7.0.6",
        "@octokit/types@16.0.0",
        "bottleneck"
      ]
    },
    "@octokit/request-error@5.1.1": {
      "integrity": "sha512-v9iyEQJH6ZntoENr9/yXxjuezh4My67CBSu9r6Ve/05Iu5gNgnisNWOsoJHTP6k0Rr0+HQIpnH+kyammu90q/g==",
      "dependencies": [
        "@octokit/types@13.10.0",
        "deprecation",
        "once"
      ]
    },
    "@octokit/request-error@7.1.0": {
      "integrity": "sha512-KMQIfq5sOPpkQYajXHwnhjCC0slzCNScLHs9JafXc4RAJI+9f+jNDlBNaIMTvazOPLgb4BnlhGJOTbnN0wIjPw==",
      "dependencies": [
        "@octokit/types@16.0.0"
      ]
    },
    "@octokit/request@10.0.7": {
      "integrity": "sha512-v93h0i1yu4idj8qFPZwjehoJx4j3Ntn+JhXsdJrG9pYaX6j/XRz2RmasMUHtNgQD39nrv/VwTWSqK0RNXR8upA==",
      "dependencies": [
        "@octokit/endpoint@11.0.2",
        "@octokit/request-error@7.1.0",
        "@octokit/types@16.0.0",
        "fast-content-type-parse",
        "universal-user-agent@7.0.3"
      ]
    },
    "@octokit/request@8.4.1": {
      "integrity": "sha512-qnB2+SY3hkCmBxZsR/MPCybNmbJe4KAlfWErXq+rBKkQJlbjdJeS85VI9r8UqeLYLvnAenU8Q1okM/0MBsAGXw==",
      "dependencies": [
        "@octokit/endpoint@9.0.6",
        "@octokit/request-error@5.1.1",
        "@octokit/types@13.10.0",
        "universal-user-agent@6.0.1"
      ]
    },
    "@octokit/rest@22.0.1_@octokit+core@7.0.6": {
      "integrity": "sha512-Jzbhzl3CEexhnivb1iQ0KJ7s5vvjMWcmRtq5aUsKmKDrRW6z3r84ngmiFKFvpZjpiU/9/S6ITPFRpn5s/3uQJw==",
      "dependencies": [
        "@octokit/core@7.0.6",
        "@octokit/plugin-paginate-rest@14.0.0_@octokit+core@7.0.6",
        "@octokit/plugin-request-log",
        "@octokit/plugin-rest-endpoint-methods@17.0.0_@octokit+core@7.0.6"
      ]
    },
    "@octokit/types@12.6.0": {
      "integrity": "sha512-1rhSOfRa6H9w4YwK0yrf5faDaDTb+yLyBUKOCV4xtCDB5VmIPqd/v9yr9o6SAzOAlRxMiRiCic6JVM1/kunVkw==",
      "dependencies": [
        "@octokit/openapi-types@20.0.0"
      ]
    },
    "@octokit/types@13.10.0": {
      "integrity": "sha512-ifLaO34EbbPj0Xgro4G5lP5asESjwHracYJvVaPIyXMuiuXLlhic3S47cBdTb+jfODkTE5YtGCLt3Ay3+J97sA==",
      "dependencies": [
        "@octokit/openapi-types@24.2.0"
      ]
    },
    "@octokit/types@16.0.0": {
      "integrity": "sha512-sKq+9r1Mm4efXW1FCk7hFSeJo4QKreL/tTbR0rz/qx/r1Oa2VV83LTA/H/MuCOX7uCIJmQVRKBcbmWoySjAnSg==",
      "dependencies": [
        "@octokit/openapi-types@27.0.0"
      ]
    },
    "@types/node@22.15.15": {
      "integrity": "sha512-R5muMcZob3/Jjchn5LcO8jdKwSCbzqmPB6ruBxMcf9kbxtniZHP327s6C37iOfuw8mbKK3cAQa7sEl7afLrQ8A==",
      "dependencies": [
        "undici-types"
      ]
    },
    "before-after-hook@2.2.3": {
      "integrity": "sha512-NzUnlZexiaH/46WDhANlyR2bXRopNg4F/zuSA3OpZnllCUgRaOF2znDioDWrmbNVsuZk6l9pMquQB38cfBZwkQ=="
    },
    "before-after-hook@4.0.0": {
      "integrity": "sha512-q6tR3RPqIB1pMiTRMFcZwuG5T8vwp+vUvEG0vuI6B+Rikh5BfPp2fQ82c925FOs+b0lcFQ8CFrL+KbilfZFhOQ=="
    },
    "bottleneck@2.19.5": {
      "integrity": "sha512-VHiNCbI1lKdl44tGrhNfU3lup0Tj/ZBMJB5/2ZbNXRCPuRCO7ed2mgcK4r17y+KB2EfuYuRaVlwNbAeaWGSpbw=="
    },
    "boundary@2.0.0": {
      "integrity": "sha512-rJKn5ooC9u8q13IMCrW0RSp31pxBCHE3y9V/tp3TdWSLf8Em3p6Di4NBpfzbJge9YjjFEsD0RtFEjtvHL5VyEA=="
    },
    "date-fns@4.1.0": {
      "integrity": "sha512-Ukq0owbQXxa/U3EGtsdVBkR1w7KOQ5gIBqdH2hkvknzZPYvBxb/aa6E8L7tmjFtkwZBu3UXBbjIgPo/Ez4xaNg=="
    },
    "deprecation@2.3.1": {
      "integrity": "sha512-xmHIy4F3scKVwMsQ4WnVaS8bHOx0DmVwRywosKhaILI0ywMDWPtBSku2HNxRvF7jtwDRsoEwYQSfbxj8b7RlJQ=="
    },
    "esbuild@0.25.5": {
      "integrity": "sha512-P8OtKZRv/5J5hhz0cUAdu/cLuPIKXpQl1R9pZtvmHWQvrAUVd0UNIPT4IB4W3rNOqVO0rlqHmCIbSwxh/c9yUQ==",
      "optionalDependencies": [
        "@esbuild/aix-ppc64@0.25.5",
        "@esbuild/android-arm@0.25.5",
        "@esbuild/android-arm64@0.25.5",
        "@esbuild/android-x64@0.25.5",
        "@esbuild/darwin-arm64@0.25.5",
        "@esbuild/darwin-x64@0.25.5",
        "@esbuild/freebsd-arm64@0.25.5",
        "@esbuild/freebsd-x64@0.25.5",
        "@esbuild/linux-arm@0.25.5",
        "@esbuild/linux-arm64@0.25.5",
        "@esbuild/linux-ia32@0.25.5",
        "@esbuild/linux-loong64@0.25.5",
        "@esbuild/linux-mips64el@0.25.5",
        "@esbuild/linux-ppc64@0.25.5",
        "@esbuild/linux-riscv64@0.25.5",
        "@esbuild/linux-s390x@0.25.5",
        "@esbuild/linux-x64@0.25.5",
        "@esbuild/netbsd-arm64@0.25.5",
        "@esbuild/netbsd-x64@0.25.5",
        "@esbuild/openbsd-arm64@0.25.5",
        "@esbuild/openbsd-x64@0.25.5",
        "@esbuild/sunos-x64@0.25.5",
        "@esbuild/win32-arm64@0.25.5",
        "@esbuild/win32-ia32@0.25.5",
        "@esbuild/win32-x64@0.25.5"
      ],
      "scripts": true,
      "bin": true
    },
    "esbuild@0.27.2": {
      "integrity": "sha512-HyNQImnsOC7X9PMNaCIeAm4ISCQXs5a5YasTXVliKv4uuBo1dKrG0A+uQS8M5eXjVMnLg3WgXaKvprHlFJQffw==",
      "optionalDependencies": [
        "@esbuild/aix-ppc64@0.27.2",
        "@esbuild/android-arm@0.27.2",
        "@esbuild/android-arm64@0.27.2",
        "@esbuild/android-x64@0.27.2",
        "@esbuild/darwin-arm64@0.27.2",
        "@esbuild/darwin-x64@0.27.2",
        "@esbuild/freebsd-arm64@0.27.2",
        "@esbuild/freebsd-x64@0.27.2",
        "@esbuild/linux-arm@0.27.2",
        "@esbuild/linux-arm64@0.27.2",
        "@esbuild/linux-ia32@0.27.2",
        "@esbuild/linux-loong64@0.27.2",
        "@esbuild/linux-mips64el@0.27.2",
        "@esbuild/linux-ppc64@0.27.2",
        "@esbuild/linux-riscv64@0.27.2",
        "@esbuild/linux-s390x@0.27.2",
        "@esbuild/linux-x64@0.27.2",
        "@esbuild/netbsd-arm64@0.27.2",
        "@esbuild/netbsd-x64@0.27.2",
        "@esbuild/openbsd-arm64@0.27.2",
        "@esbuild/openbsd-x64@0.27.2",
        "@esbuild/openharmony-arm64",
        "@esbuild/sunos-x64@0.27.2",
        "@esbuild/win32-arm64@0.27.2",
        "@esbuild/win32-ia32@0.27.2",
        "@esbuild/win32-x64@0.27.2"
      ],
      "scripts": true,
      "bin": true
    },
    "fast-content-type-parse@3.0.0": {
      "integrity": "sha512-ZvLdcY8P+N8mGQJahJV5G4U88CSvT1rP8ApL6uETe88MBXrBHAkZlSEySdUlyztF7ccb+Znos3TFqaepHxdhBg=="
    },
    "once@1.4.0": {
      "integrity": "sha512-lNaJgI+2Q5URQBkccEKHTQOPaXdUxnZZElQTZY0MFUAuaEqe1E+Nyvgdz/aIyNi6Z9MzO5dv1H8n58/GELp3+w==",
      "dependencies": [
        "wrappy"
      ]
    },
    "structured-source@4.0.0": {
      "integrity": "sha512-qGzRFNJDjFieQkl/sVOI2dUjHKRyL9dAJi2gCPGJLbJHBIkyOHxjuocpIEfbLioX+qSJpvbYdT49/YCdMznKxA==",
      "dependencies": [
        "boundary"
      ]
    },
    "tunnel@0.0.6": {
      "integrity": "sha512-1h/Lnq9yajKY2PEbBadPXj3VxsDDu844OnaAo52UVmIzIvwwtBPIuNvkjuzBlTWpfJyUbG3ez0KSBibQkj4ojg=="
    },
    "undici-types@6.21.0": {
      "integrity": "sha512-iwDZqg0QAGrg9Rav5H4n0M64c3mkR59cJ6wQp+7C4nI0gsmExaedaYLNO44eT4AtBBwjbTiGPMlt2Md0T9H9JQ=="
    },
    "undici@5.29.0": {
      "integrity": "sha512-raqeBD6NQK4SkWhQzeYKd1KmIG6dllBOTt55Rmkt4HtI9mwdWtJljnrXjAFUBLTSN67HWrOIZ3EPF4kjUw80Bg==",
      "dependencies": [
        "@fastify/busboy"
      ]
    },
    "undici@6.23.0": {
      "integrity": "sha512-VfQPToRA5FZs/qJxLIinmU59u0r7LXqoJkCzinq3ckNJp3vKEh7jTWN589YQ5+aoAC/TGRLyJLCPKcLQbM8r9g=="
    },
    "universal-user-agent@6.0.1": {
      "integrity": "sha512-yCzhz6FN2wU1NiiQRogkTQszlQSlpWaw8SvVegAc+bDxbzHgh1vX8uIe8OYyMH6DwH+sdTJsgMl36+mSMdRJIQ=="
    },
    "universal-user-agent@7.0.3": {
      "integrity": "sha512-TmnEAEAsBJVZM/AADELsK76llnwcf9vMKuPz8JflO1frO8Lchitr0fNaN9d+Ap0BjKtqWqd/J17qeDnXh8CL2A=="
    },
    "wrappy@1.0.2": {
      "integrity": "sha512-l4Sp/DRseor9wL6EvV2+TuQn63dMkPjZ/sp9XkghTEbV9KlPS1xUsZ3u7/IQO4wxtcFB4bgpQPRcR3QCvezPcQ=="
    },
    "yaml-ast-parser@0.0.43": {
      "integrity": "sha512-2PTINUwsRqSd+s8XxKaJWQlUuEMHJQyEuh2edBbW8KNJz0SJPwUSD2zRWqezFEdN7IzAgeuYHFUCF7o8zRdZ0A=="
    }
  },
  "workspace": {
    "dependencies": [
      "jsr:@cliffy/command@^1.0.0-rc.8",
      "jsr:@deno/dnt@0.42.3",
      "jsr:@kesin11/gha-utils@0.2.2",
      "jsr:@std/assert@^1.0.13",
      "jsr:@std/collections@^1.1.2",
      "npm:@actions/core@2.0.3",
      "npm:@actions/github@7.0.0",
      "npm:date-fns@4.1.0",
      "npm:esbuild@0.27.2"
    ]
  }
}
